# This file is generated by running "yarn install" inside your project.
# Manual changes might be lost - proceed with caution!

__metadata:
  version: 6
  cacheKey: 8

"agent-base@npm:^7.0.2, agent-base@npm:^7.1.0":
  version: 7.1.1
  resolution: "agent-base@npm:7.1.1"
  dependencies:
    debug: ^4.3.4
  checksum: 51c158769c5c051482f9ca2e6e1ec085ac72b5a418a9b31b4e82fe6c0a6699adb94c1c42d246699a587b3335215037091c79e0de512c516f73b6ea844202f037
  languageName: node
  linkType: hard

"ansi-regex@npm:^5.0.1":
  version: 5.0.1
  resolution: "ansi-regex@npm:5.0.1"
  checksum: 2aa4bb54caf2d622f1afdad09441695af2a83aa3fe8b8afa581d205e57ed4261c183c4d3877cee25794443fde5876417d859c108078ab788d6af7e4fe52eb66b
  languageName: node
  linkType: hard

"asynckit@npm:^0.4.0":
  version: 0.4.0
  resolution: "asynckit@npm:0.4.0"
  checksum: 7b78c451df768adba04e2d02e63e2d0bf3b07adcd6e42b4cf665cb7ce899bedd344c69a1dcbce355b5f972d597b25aaa1c1742b52cffd9caccb22f348114f6be
  languageName: node
  linkType: hard

"available-typed-arrays@npm:^1.0.7":
  version: 1.0.7
  resolution: "available-typed-arrays@npm:1.0.7"
  dependencies:
    possible-typed-array-names: ^1.0.0
  checksum: 1aa3ffbfe6578276996de660848b6e95669d9a95ad149e3dd0c0cda77db6ee1dbd9d1dd723b65b6d277b882dd0c4b91a654ae9d3cf9e1254b7e93e4908d78fd3
  languageName: node
  linkType: hard

"axios@npm:^1.7.7":
  version: 1.7.7
  resolution: "axios@npm:1.7.7"
  dependencies:
    follow-redirects: ^1.15.6
    form-data: ^4.0.0
    proxy-from-env: ^1.1.0
  checksum: 882d4fe0ec694a07c7f5c1f68205eb6dc5a62aecdb632cc7a4a3d0985188ce3030e0b277e1a8260ac3f194d314ae342117660a151fabffdc5081ca0b5a8b47fe
  languageName: node
  linkType: hard

"call-bind@npm:^1.0.2, call-bind@npm:^1.0.7":
  version: 1.0.7
  resolution: "call-bind@npm:1.0.7"
  dependencies:
    es-define-property: ^1.0.0
    es-errors: ^1.3.0
    function-bind: ^1.1.2
    get-intrinsic: ^1.2.4
    set-function-length: ^1.2.1
  checksum: 295c0c62b90dd6522e6db3b0ab1ce26bdf9e7404215bda13cfee25b626b5ff1a7761324d58d38b1ef1607fc65aca2d06e44d2e18d0dfc6c14b465b00d8660029
  languageName: node
  linkType: hard

"cli-progress@npm:^3.12.0":
  version: 3.12.0
  resolution: "cli-progress@npm:3.12.0"
  dependencies:
    string-width: ^4.2.3
  checksum: e8390dc3cdf3c72ecfda0a1e8997bfed63a0d837f97366bbce0ca2ff1b452da386caed007b389f0fe972625037b6c8e7ab087c69d6184cc4dfc8595c4c1d3e6e
  languageName: node
  linkType: hard

"combined-stream@npm:^1.0.8":
  version: 1.0.8
  resolution: "combined-stream@npm:1.0.8"
  dependencies:
    delayed-stream: ~1.0.0
  checksum: 49fa4aeb4916567e33ea81d088f6584749fc90c7abec76fd516bf1c5aa5c79f3584b5ba3de6b86d26ddd64bae5329c4c7479343250cfe71c75bb366eae53bb7c
  languageName: node
  linkType: hard

"crypto@npm:^1.0.1":
  version: 1.0.1
  resolution: "crypto@npm:1.0.1"
  checksum: 087fe3165bd94c333a49e6ed66a0193911f63eac38a24f379b3001a5fe260a59c413646e53a0f67875ba13902b2686d81dc703cb2c147a4ec727dcdc04e5645e
  languageName: node
  linkType: hard

"cssstyle@npm:^4.1.0":
  version: 4.1.0
  resolution: "cssstyle@npm:4.1.0"
  dependencies:
    rrweb-cssom: ^0.7.1
  checksum: a8f5746430c42347e76dc830548f3a296882e42a90af188ae44e4c1a4131aec246b0b6c8562e3e6e4fa0ff14aeee5cd14a0e2fe5a7105dcf39f98eb70d16b634
  languageName: node
  linkType: hard

"data-uri-to-buffer@npm:^4.0.0":
  version: 4.0.1
  resolution: "data-uri-to-buffer@npm:4.0.1"
  checksum: 0d0790b67ffec5302f204c2ccca4494f70b4e2d940fea3d36b09f0bb2b8539c2e86690429eb1f1dc4bcc9e4df0644193073e63d9ee48ac9fce79ec1506e4aa4c
  languageName: node
  linkType: hard

"data-urls@npm:^5.0.0":
  version: 5.0.0
  resolution: "data-urls@npm:5.0.0"
  dependencies:
    whatwg-mimetype: ^4.0.0
    whatwg-url: ^14.0.0
  checksum: 5c40568c31b02641a70204ff233bc4e42d33717485d074244a98661e5f2a1e80e38fe05a5755dfaf2ee549f2ab509d6a3af2a85f4b2ad2c984e5d176695eaf46
  languageName: node
  linkType: hard

"debug@npm:4, debug@npm:^4.3.4":
  version: 4.3.7
  resolution: "debug@npm:4.3.7"
  dependencies:
    ms: ^2.1.3
  peerDependenciesMeta:
    supports-color:
      optional: true
  checksum: 822d74e209cd910ef0802d261b150314bbcf36c582ccdbb3e70f0894823c17e49a50d3e66d96b633524263975ca16b6a833f3e3b7e030c157169a5fabac63160
  languageName: node
  linkType: hard

"decimal.js@npm:^10.4.3":
  version: 10.4.3
  resolution: "decimal.js@npm:10.4.3"
  checksum: 796404dcfa9d1dbfdc48870229d57f788b48c21c603c3f6554a1c17c10195fc1024de338b0cf9e1efe0c7c167eeb18f04548979bcc5fdfabebb7cc0ae3287bae
  languageName: node
  linkType: hard

"define-data-property@npm:^1.1.4":
  version: 1.1.4
  resolution: "define-data-property@npm:1.1.4"
  dependencies:
    es-define-property: ^1.0.0
    es-errors: ^1.3.0
    gopd: ^1.0.1
  checksum: 8068ee6cab694d409ac25936eb861eea704b7763f7f342adbdfe337fc27c78d7ae0eff2364b2917b58c508d723c7a074326d068eef2e45c4edcd85cf94d0313b
  languageName: node
  linkType: hard

"delayed-stream@npm:~1.0.0":
  version: 1.0.0
  resolution: "delayed-stream@npm:1.0.0"
  checksum: 46fe6e83e2cb1d85ba50bd52803c68be9bd953282fa7096f51fc29edd5d67ff84ff753c51966061e5ba7cb5e47ef6d36a91924eddb7f3f3483b1c560f77a0020
  languageName: node
  linkType: hard

"dotenv@npm:^16.4.5":
  version: 16.4.5
  resolution: "dotenv@npm:16.4.5"
  checksum: 301a12c3d44fd49888b74eb9ccf9f07a1f5df43f489e7fcb89647a2edcd84c42d6bc349dc8df099cd18f07c35c7b04685c1a4f3e6a6a9e6b30f8d48c15b7f49c
  languageName: node
  linkType: hard

"emoji-regex@npm:^8.0.0":
  version: 8.0.0
  resolution: "emoji-regex@npm:8.0.0"
  checksum: d4c5c39d5a9868b5fa152f00cada8a936868fd3367f33f71be515ecee4c803132d11b31a6222b2571b1e5f7e13890156a94880345594d0ce7e3c9895f560f192
  languageName: node
  linkType: hard

"entities@npm:^4.4.0":
  version: 4.5.0
  resolution: "entities@npm:4.5.0"
  checksum: 853f8ebd5b425d350bffa97dd6958143179a5938352ccae092c62d1267c4e392a039be1bae7d51b6e4ffad25f51f9617531fedf5237f15df302ccfb452cbf2d7
  languageName: node
  linkType: hard

"es-define-property@npm:^1.0.0":
  version: 1.0.0
  resolution: "es-define-property@npm:1.0.0"
  dependencies:
    get-intrinsic: ^1.2.4
  checksum: f66ece0a887b6dca71848fa71f70461357c0e4e7249696f81bad0a1f347eed7b31262af4a29f5d726dc026426f085483b6b90301855e647aa8e21936f07293c6
  languageName: node
  linkType: hard

"es-errors@npm:^1.3.0":
  version: 1.3.0
  resolution: "es-errors@npm:1.3.0"
  checksum: ec1414527a0ccacd7f15f4a3bc66e215f04f595ba23ca75cdae0927af099b5ec865f9f4d33e9d7e86f512f252876ac77d4281a7871531a50678132429b1271b5
  languageName: node
  linkType: hard

"fetch-blob@npm:^3.1.2, fetch-blob@npm:^3.1.4":
  version: 3.2.0
  resolution: "fetch-blob@npm:3.2.0"
  dependencies:
    node-domexception: ^1.0.0
    web-streams-polyfill: ^3.0.3
  checksum: f19bc28a2a0b9626e69fd7cf3a05798706db7f6c7548da657cbf5026a570945f5eeaedff52007ea35c8bcd3d237c58a20bf1543bc568ab2422411d762dd3d5bf
  languageName: node
  linkType: hard

"follow-redirects@npm:^1.15.6":
  version: 1.15.9
  resolution: "follow-redirects@npm:1.15.9"
  peerDependenciesMeta:
    debug:
      optional: true
  checksum: 859e2bacc7a54506f2bf9aacb10d165df78c8c1b0ceb8023f966621b233717dab56e8d08baadc3ad3b9db58af290413d585c999694b7c146aaf2616340c3d2a6
  languageName: node
  linkType: hard

"for-each@npm:^0.3.3":
  version: 0.3.3
  resolution: "for-each@npm:0.3.3"
  dependencies:
    is-callable: ^1.1.3
  checksum: 6c48ff2bc63362319c65e2edca4a8e1e3483a2fabc72fbe7feaf8c73db94fc7861bd53bc02c8a66a0c1dd709da6b04eec42e0abdd6b40ce47305ae92a25e5d28
  languageName: node
  linkType: hard

"form-data@npm:^4.0.0":
  version: 4.0.0
  resolution: "form-data@npm:4.0.0"
  dependencies:
    asynckit: ^0.4.0
    combined-stream: ^1.0.8
    mime-types: ^2.1.12
  checksum: 01135bf8675f9d5c61ff18e2e2932f719ca4de964e3be90ef4c36aacfc7b9cb2fceb5eca0b7e0190e3383fe51c5b37f4cb80b62ca06a99aaabfcfd6ac7c9328c
  languageName: node
  linkType: hard

"formdata-polyfill@npm:^4.0.10":
  version: 4.0.10
  resolution: "formdata-polyfill@npm:4.0.10"
  dependencies:
    fetch-blob: ^3.1.2
  checksum: 82a34df292afadd82b43d4a740ce387bc08541e0a534358425193017bf9fb3567875dc5f69564984b1da979979b70703aa73dee715a17b6c229752ae736dd9db
  languageName: node
  linkType: hard

"function-bind@npm:^1.1.2":
  version: 1.1.2
  resolution: "function-bind@npm:1.1.2"
  checksum: 2b0ff4ce708d99715ad14a6d1f894e2a83242e4a52ccfcefaee5e40050562e5f6dafc1adbb4ce2d4ab47279a45dc736ab91ea5042d843c3c092820dfe032efb1
  languageName: node
  linkType: hard

"get-intrinsic@npm:^1.1.3, get-intrinsic@npm:^1.2.4":
  version: 1.2.4
  resolution: "get-intrinsic@npm:1.2.4"
  dependencies:
    es-errors: ^1.3.0
    function-bind: ^1.1.2
    has-proto: ^1.0.1
    has-symbols: ^1.0.3
    hasown: ^2.0.0
  checksum: 414e3cdf2c203d1b9d7d33111df746a4512a1aa622770b361dadddf8ed0b5aeb26c560f49ca077e24bfafb0acb55ca908d1f709216ccba33ffc548ec8a79a951
  languageName: node
  linkType: hard

"gopd@npm:^1.0.1":
  version: 1.0.1
  resolution: "gopd@npm:1.0.1"
  dependencies:
    get-intrinsic: ^1.1.3
  checksum: a5ccfb8806e0917a94e0b3de2af2ea4979c1da920bc381667c260e00e7cafdbe844e2cb9c5bcfef4e5412e8bf73bab837285bc35c7ba73aaaf0134d4583393a6
  languageName: node
  linkType: hard

"has-property-descriptors@npm:^1.0.2":
  version: 1.0.2
  resolution: "has-property-descriptors@npm:1.0.2"
  dependencies:
    es-define-property: ^1.0.0
  checksum: fcbb246ea2838058be39887935231c6d5788babed499d0e9d0cc5737494c48aba4fe17ba1449e0d0fbbb1e36175442faa37f9c427ae357d6ccb1d895fbcd3de3
  languageName: node
  linkType: hard

"has-proto@npm:^1.0.1":
  version: 1.0.3
  resolution: "has-proto@npm:1.0.3"
  checksum: fe7c3d50b33f50f3933a04413ed1f69441d21d2d2944f81036276d30635cad9279f6b43bc8f32036c31ebdfcf6e731150f46c1907ad90c669ffe9b066c3ba5c4
  languageName: node
  linkType: hard

"has-symbols@npm:^1.0.3":
  version: 1.0.3
  resolution: "has-symbols@npm:1.0.3"
  checksum: a054c40c631c0d5741a8285010a0777ea0c068f99ed43e5d6eb12972da223f8af553a455132fdb0801bdcfa0e0f443c0c03a68d8555aa529b3144b446c3f2410
  languageName: node
  linkType: hard

"has-tostringtag@npm:^1.0.0, has-tostringtag@npm:^1.0.2":
  version: 1.0.2
  resolution: "has-tostringtag@npm:1.0.2"
  dependencies:
    has-symbols: ^1.0.3
  checksum: 999d60bb753ad714356b2c6c87b7fb74f32463b8426e159397da4bde5bca7e598ab1073f4d8d4deafac297f2eb311484cd177af242776bf05f0d11565680468d
  languageName: node
  linkType: hard

"hasown@npm:^2.0.0":
  version: 2.0.2
  resolution: "hasown@npm:2.0.2"
  dependencies:
    function-bind: ^1.1.2
  checksum: e8516f776a15149ca6c6ed2ae3110c417a00b62260e222590e54aa367cbcd6ed99122020b37b7fbdf05748df57b265e70095d7bf35a47660587619b15ffb93db
  languageName: node
  linkType: hard

"html-encoding-sniffer@npm:^4.0.0":
  version: 4.0.0
  resolution: "html-encoding-sniffer@npm:4.0.0"
  dependencies:
    whatwg-encoding: ^3.1.1
  checksum: 3339b71dab2723f3159a56acf541ae90a408ce2d11169f00fe7e0c4663d31d6398c8a4408b504b4eec157444e47b084df09b3cb039c816660f0dd04846b8957d
  languageName: node
  linkType: hard

"http-proxy-agent@npm:^7.0.2":
  version: 7.0.2
  resolution: "http-proxy-agent@npm:7.0.2"
  dependencies:
    agent-base: ^7.1.0
    debug: ^4.3.4
  checksum: 670858c8f8f3146db5889e1fa117630910101db601fff7d5a8aa637da0abedf68c899f03d3451cac2f83bcc4c3d2dabf339b3aa00ff8080571cceb02c3ce02f3
  languageName: node
  linkType: hard

"https-proxy-agent@npm:^7.0.5":
  version: 7.0.5
  resolution: "https-proxy-agent@npm:7.0.5"
  dependencies:
    agent-base: ^7.0.2
    debug: 4
  checksum: 2e1a28960f13b041a50702ee74f240add8e75146a5c37fc98f1960f0496710f6918b3a9fe1e5aba41e50f58e6df48d107edd9c405c5f0d73ac260dabf2210857
  languageName: node
  linkType: hard

"iconv-lite@npm:0.6.3":
  version: 0.6.3
  resolution: "iconv-lite@npm:0.6.3"
  dependencies:
    safer-buffer: ">= 2.1.2 < 3.0.0"
  checksum: 3f60d47a5c8fc3313317edfd29a00a692cc87a19cac0159e2ce711d0ebc9019064108323b5e493625e25594f11c6236647d8e256fbe7a58f4a3b33b89e6d30bf
  languageName: node
  linkType: hard

"inherits@npm:^2.0.3":
  version: 2.0.4
  resolution: "inherits@npm:2.0.4"
  checksum: 4a48a733847879d6cf6691860a6b1e3f0f4754176e4d71494c41f3475553768b10f84b5ce1d40fbd0e34e6bfbb864ee35858ad4dd2cf31e02fc4a154b724d7f1
  languageName: node
  linkType: hard

"is-arguments@npm:^1.0.4":
  version: 1.1.1
  resolution: "is-arguments@npm:1.1.1"
  dependencies:
    call-bind: ^1.0.2
    has-tostringtag: ^1.0.0
  checksum: 7f02700ec2171b691ef3e4d0e3e6c0ba408e8434368504bb593d0d7c891c0dbfda6d19d30808b904a6cb1929bca648c061ba438c39f296c2a8ca083229c49f27
  languageName: node
  linkType: hard

"is-callable@npm:^1.1.3":
  version: 1.2.7
  resolution: "is-callable@npm:1.2.7"
  checksum: 61fd57d03b0d984e2ed3720fb1c7a897827ea174bd44402878e059542ea8c4aeedee0ea0985998aa5cc2736b2fa6e271c08587addb5b3959ac52cf665173d1ac
  languageName: node
  linkType: hard

"is-fullwidth-code-point@npm:^3.0.0":
  version: 3.0.0
  resolution: "is-fullwidth-code-point@npm:3.0.0"
  checksum: 44a30c29457c7fb8f00297bce733f0a64cd22eca270f83e58c105e0d015e45c019491a4ab2faef91ab51d4738c670daff901c799f6a700e27f7314029e99e348
  languageName: node
  linkType: hard

"is-generator-function@npm:^1.0.7":
  version: 1.0.10
  resolution: "is-generator-function@npm:1.0.10"
  dependencies:
    has-tostringtag: ^1.0.0
  checksum: d54644e7dbaccef15ceb1e5d91d680eb5068c9ee9f9eb0a9e04173eb5542c9b51b5ab52c5537f5703e48d5fddfd376817c1ca07a84a407b7115b769d4bdde72b
  languageName: node
  linkType: hard

"is-potential-custom-element-name@npm:^1.0.1":
  version: 1.0.1
  resolution: "is-potential-custom-element-name@npm:1.0.1"
  checksum: ced7bbbb6433a5b684af581872afe0e1767e2d1146b2207ca0068a648fb5cab9d898495d1ac0583524faaf24ca98176a7d9876363097c2d14fee6dd324f3a1ab
  languageName: node
  linkType: hard

"is-typed-array@npm:^1.1.3":
  version: 1.1.13
  resolution: "is-typed-array@npm:1.1.13"
  dependencies:
    which-typed-array: ^1.1.14
  checksum: 150f9ada183a61554c91e1c4290086d2c100b0dff45f60b028519be72a8db964da403c48760723bf5253979b8dffe7b544246e0e5351dcd05c5fdb1dcc1dc0f0
  languageName: node
  linkType: hard

"jsdom@npm:^25.0.1":
  version: 25.0.1
  resolution: "jsdom@npm:25.0.1"
  dependencies:
    cssstyle: ^4.1.0
    data-urls: ^5.0.0
    decimal.js: ^10.4.3
    form-data: ^4.0.0
    html-encoding-sniffer: ^4.0.0
    http-proxy-agent: ^7.0.2
    https-proxy-agent: ^7.0.5
    is-potential-custom-element-name: ^1.0.1
    nwsapi: ^2.2.12
    parse5: ^7.1.2
    rrweb-cssom: ^0.7.1
    saxes: ^6.0.0
    symbol-tree: ^3.2.4
    tough-cookie: ^5.0.0
    w3c-xmlserializer: ^5.0.0
    webidl-conversions: ^7.0.0
    whatwg-encoding: ^3.1.1
    whatwg-mimetype: ^4.0.0
    whatwg-url: ^14.0.0
    ws: ^8.18.0
    xml-name-validator: ^5.0.0
  peerDependencies:
    canvas: ^2.11.2
  peerDependenciesMeta:
    canvas:
      optional: true
  checksum: b637d28445d570014195b3c77d06e54ef69d1f807eaf61388cb470e4d9227244e7fe2e0c32b6df03ac4fe35f746d7c721672d9136ecebb49d2e61a04ab9628e0
  languageName: node
  linkType: hard

"lodash.clonedeep@npm:^4.5.0":
  version: 4.5.0
  resolution: "lodash.clonedeep@npm:4.5.0"
  checksum: 92c46f094b064e876a23c97f57f81fbffd5d760bf2d8a1c61d85db6d1e488c66b0384c943abee4f6af7debf5ad4e4282e74ff83177c9e63d8ff081a4837c3489
  languageName: node
  linkType: hard

"mime-db@npm:1.52.0":
  version: 1.52.0
  resolution: "mime-db@npm:1.52.0"
  checksum: 0d99a03585f8b39d68182803b12ac601d9c01abfa28ec56204fa330bc9f3d1c5e14beb049bafadb3dbdf646dfb94b87e24d4ec7b31b7279ef906a8ea9b6a513f
  languageName: node
  linkType: hard

"mime-types@npm:^2.1.12":
  version: 2.1.35
  resolution: "mime-types@npm:2.1.35"
  dependencies:
    mime-db: 1.52.0
  checksum: 89a5b7f1def9f3af5dad6496c5ed50191ae4331cc5389d7c521c8ad28d5fdad2d06fd81baf38fed813dc4e46bb55c8145bb0ff406330818c9cf712fb2e9b3836
  languageName: node
  linkType: hard

"ms@npm:^2.1.3":
  version: 2.1.3
  resolution: "ms@npm:2.1.3"
  checksum: aa92de608021b242401676e35cfa5aa42dd70cbdc082b916da7fb925c542173e36bce97ea3e804923fe92c0ad991434e4a38327e15a1b5b5f945d66df615ae6d
  languageName: node
  linkType: hard

"node-domexception@npm:^1.0.0":
  version: 1.0.0
  resolution: "node-domexception@npm:1.0.0"
  checksum: ee1d37dd2a4eb26a8a92cd6b64dfc29caec72bff5e1ed9aba80c294f57a31ba4895a60fd48347cf17dd6e766da0ae87d75657dfd1f384ebfa60462c2283f5c7f
  languageName: node
  linkType: hard

"node-fetch@npm:^3.3.2":
  version: 3.3.2
  resolution: "node-fetch@npm:3.3.2"
  dependencies:
    data-uri-to-buffer: ^4.0.0
    fetch-blob: ^3.1.4
    formdata-polyfill: ^4.0.10
  checksum: 06a04095a2ddf05b0830a0d5302699704d59bda3102894ea64c7b9d4c865ecdff2d90fd042df7f5bc40337266961cb6183dcc808ea4f3000d024f422b462da92
  languageName: node
  linkType: hard

"nwsapi@npm:^2.2.12":
  version: 2.2.13
  resolution: "nwsapi@npm:2.2.13"
  checksum: d34fb7838517c3c7e8cc824e443275b08b57f6a025a860693d18c56ddcfd176e32df9bf0ae7f5a95c7a32981501caa1f9fda31b59f28aa72a4b9d01f573a8e6b
  languageName: node
  linkType: hard

"parse5@npm:^7.1.2":
  version: 7.1.2
  resolution: "parse5@npm:7.1.2"
  dependencies:
    entities: ^4.4.0
  checksum: 59465dd05eb4c5ec87b76173d1c596e152a10e290b7abcda1aecf0f33be49646ea74840c69af975d7887543ea45564801736356c568d6b5e71792fd0f4055713
  languageName: node
  linkType: hard

"possible-typed-array-names@npm:^1.0.0":
  version: 1.0.0
  resolution: "possible-typed-array-names@npm:1.0.0"
  checksum: b32d403ece71e042385cc7856385cecf1cd8e144fa74d2f1de40d1e16035dba097bc189715925e79b67bdd1472796ff168d3a90d296356c9c94d272d5b95f3ae
  languageName: node
  linkType: hard

"proxy-from-env@npm:^1.1.0":
  version: 1.1.0
  resolution: "proxy-from-env@npm:1.1.0"
  checksum: ed7fcc2ba0a33404958e34d95d18638249a68c430e30fcb6c478497d72739ba64ce9810a24f53a7d921d0c065e5b78e3822759800698167256b04659366ca4d4
  languageName: node
  linkType: hard

"punycode@npm:^2.3.1":
  version: 2.3.1
  resolution: "punycode@npm:2.3.1"
  checksum: bb0a0ceedca4c3c57a9b981b90601579058903c62be23c5e8e843d2c2d4148a3ecf029d5133486fb0e1822b098ba8bba09e89d6b21742d02fa26bda6441a6fb2
  languageName: node
  linkType: hard

"rrweb-cssom@npm:^0.7.1":
  version: 0.7.1
  resolution: "rrweb-cssom@npm:0.7.1"
  checksum: 62e410ddbaaba6abc196c3bbfa8de4952e0a134d9f2b454ee293039bf9931322d806e14d52ed122a5c2bd332a868b9da2e99358fb6232c33758b5ede86d992c8
  languageName: node
  linkType: hard

"safer-buffer@npm:>= 2.1.2 < 3.0.0":
  version: 2.1.2
  resolution: "safer-buffer@npm:2.1.2"
  checksum: cab8f25ae6f1434abee8d80023d7e72b598cf1327164ddab31003c51215526801e40b66c5e65d658a0af1e9d6478cadcb4c745f4bd6751f97d8644786c0978b0
  languageName: node
  linkType: hard

"saxes@npm:^6.0.0":
  version: 6.0.0
  resolution: "saxes@npm:6.0.0"
  dependencies:
    xmlchars: ^2.2.0
  checksum: d3fa3e2aaf6c65ed52ee993aff1891fc47d5e47d515164b5449cbf5da2cbdc396137e55590472e64c5c436c14ae64a8a03c29b9e7389fc6f14035cf4e982ef3b
  languageName: node
  linkType: hard

"scraping-data@workspace:.":
  version: 0.0.0-use.local
  resolution: "scraping-data@workspace:."
  dependencies:
    axios: ^1.7.7
    cli-progress: ^3.12.0
    crypto: ^1.0.1
    dotenv: ^16.4.5
    jsdom: ^25.0.1
    node-fetch: ^3.3.2
    user-agents: ^1.1.325
    util: ^0.12.5
  languageName: unknown
  linkType: soft

"set-function-length@npm:^1.2.1":
  version: 1.2.2
  resolution: "set-function-length@npm:1.2.2"
  dependencies:
    define-data-property: ^1.1.4
    es-errors: ^1.3.0
    function-bind: ^1.1.2
    get-intrinsic: ^1.2.4
    gopd: ^1.0.1
    has-property-descriptors: ^1.0.2
  checksum: a8248bdacdf84cb0fab4637774d9fb3c7a8e6089866d04c817583ff48e14149c87044ce683d7f50759a8c50fb87c7a7e173535b06169c87ef76f5fb276dfff72
  languageName: node
  linkType: hard

"string-width@npm:^4.2.3":
  version: 4.2.3
  resolution: "string-width@npm:4.2.3"
  dependencies:
    emoji-regex: ^8.0.0
    is-fullwidth-code-point: ^3.0.0
    strip-ansi: ^6.0.1
  checksum: e52c10dc3fbfcd6c3a15f159f54a90024241d0f149cf8aed2982a2d801d2e64df0bf1dc351cf8e95c3319323f9f220c16e740b06faecd53e2462df1d2b5443fb
  languageName: node
  linkType: hard

"strip-ansi@npm:^6.0.1":
  version: 6.0.1
  resolution: "strip-ansi@npm:6.0.1"
  dependencies:
    ansi-regex: ^5.0.1
  checksum: f3cd25890aef3ba6e1a74e20896c21a46f482e93df4a06567cebf2b57edabb15133f1f94e57434e0a958d61186087b1008e89c94875d019910a213181a14fc8c
  languageName: node
  linkType: hard

"symbol-tree@npm:^3.2.4":
  version: 3.2.4
  resolution: "symbol-tree@npm:3.2.4"
  checksum: 6e8fc7e1486b8b54bea91199d9535bb72f10842e40c79e882fc94fb7b14b89866adf2fd79efa5ebb5b658bc07fb459ccce5ac0e99ef3d72f474e74aaf284029d
  languageName: node
  linkType: hard

"tldts-core@npm:^6.1.49":
  version: 6.1.49
  resolution: "tldts-core@npm:6.1.49"
  checksum: 9f7f86125e114083b4c911fe296c00b2ce5eac61cd0d9647863bce0230c86b861dc44acc69e698271aa37f6154c32ad48e365a98ee20d67119d15adc20a4927f
  languageName: node
  linkType: hard

"tldts@npm:^6.1.32":
  version: 6.1.49
  resolution: "tldts@npm:6.1.49"
  dependencies:
    tldts-core: ^6.1.49
  bin:
    tldts: bin/cli.js
  checksum: 7e672f5d35091bf9b136e28a1548a444f75fa7c2e96e1c363d2bc9ef6ddd847a44370839ab3d97afaf5e63c2469e5926156a67eab1dfea8e7434b66aaa30b37b
  languageName: node
  linkType: hard

"tough-cookie@npm:^5.0.0":
  version: 5.0.0
  resolution: "tough-cookie@npm:5.0.0"
  dependencies:
    tldts: ^6.1.32
  checksum: 774f6c939c96f74b5847361f7e11e0d69383681d21a35a2d37a20956638e614ec521782d2d20bcb32b58638ff337bba87cc72fb72c987bd02ea0fdfc93994cdb
  languageName: node
  linkType: hard

"tr46@npm:^5.0.0":
  version: 5.0.0
  resolution: "tr46@npm:5.0.0"
  dependencies:
    punycode: ^2.3.1
  checksum: 8d8b021f8e17675ebf9e672c224b6b6cfdb0d5b92141349e9665c14a2501c54a298d11264bbb0b17b447581e1e83d4fc3c038c929f3d210e3964d4be47460288
  languageName: node
  linkType: hard

"user-agents@npm:^1.1.325":
  version: 1.1.325
  resolution: "user-agents@npm:1.1.325"
  dependencies:
    lodash.clonedeep: ^4.5.0
  checksum: c3f95f6933e2d335aea14e90abfaae6f918fcca2e54f904cc50d40d596dd5552aba5e04b542efb8085180f36b4bd6703555792a7fdaae65d37796cb3d95cbc58
  languageName: node
  linkType: hard

"util@npm:^0.12.5":
  version: 0.12.5
  resolution: "util@npm:0.12.5"
  dependencies:
    inherits: ^2.0.3
    is-arguments: ^1.0.4
    is-generator-function: ^1.0.7
    is-typed-array: ^1.1.3
    which-typed-array: ^1.1.2
  checksum: 705e51f0de5b446f4edec10739752ac25856541e0254ea1e7e45e5b9f9b0cb105bc4bd415736a6210edc68245a7f903bf085ffb08dd7deb8a0e847f60538a38a
  languageName: node
  linkType: hard

"w3c-xmlserializer@npm:^5.0.0":
  version: 5.0.0
  resolution: "w3c-xmlserializer@npm:5.0.0"
  dependencies:
    xml-name-validator: ^5.0.0
  checksum: 593acc1fdab3f3207ec39d851e6df0f3fa41a36b5809b0ace364c7a6d92e351938c53424a7618ce8e0fbaffee8be2e8e070a5734d05ee54666a8bdf1a376cc40
  languageName: node
  linkType: hard

"web-streams-polyfill@npm:^3.0.3":
  version: 3.3.3
  resolution: "web-streams-polyfill@npm:3.3.3"
  checksum: 21ab5ea08a730a2ef8023736afe16713b4f2023ec1c7085c16c8e293ee17ed085dff63a0ad8722da30c99c4ccbd4ccd1b2e79c861829f7ef2963d7de7004c2cb
  languageName: node
  linkType: hard

"webidl-conversions@npm:^7.0.0":
  version: 7.0.0
  resolution: "webidl-conversions@npm:7.0.0"
  checksum: f05588567a2a76428515333eff87200fae6c83c3948a7482ebb109562971e77ef6dc49749afa58abb993391227c5697b3ecca52018793e0cb4620a48f10bd21b
  languageName: node
  linkType: hard

"whatwg-encoding@npm:^3.1.1":
  version: 3.1.1
  resolution: "whatwg-encoding@npm:3.1.1"
  dependencies:
    iconv-lite: 0.6.3
  checksum: f75a61422421d991e4aec775645705beaf99a16a88294d68404866f65e92441698a4f5b9fa11dd609017b132d7b286c3c1534e2de5b3e800333856325b549e3c
  languageName: node
  linkType: hard

"whatwg-mimetype@npm:^4.0.0":
  version: 4.0.0
  resolution: "whatwg-mimetype@npm:4.0.0"
  checksum: f97edd4b4ee7e46a379f3fb0e745de29fe8b839307cc774300fd49059fcdd560d38cb8fe21eae5575b8f39b022f23477cc66e40b0355c2851ce84760339cef30
  languageName: node
  linkType: hard

"whatwg-url@npm:^14.0.0":
  version: 14.0.0
  resolution: "whatwg-url@npm:14.0.0"
  dependencies:
    tr46: ^5.0.0
    webidl-conversions: ^7.0.0
  checksum: 4b5887e50f786583bead70916413e67a381d2126899b9eb5c67ce664bba1e7ec07cdff791404581ce73c6190d83c359c9ca1d50711631217905db3877dec075c
  languageName: node
  linkType: hard

"which-typed-array@npm:^1.1.14, which-typed-array@npm:^1.1.2":
  version: 1.1.15
  resolution: "which-typed-array@npm:1.1.15"
  dependencies:
    available-typed-arrays: ^1.0.7
    call-bind: ^1.0.7
    for-each: ^0.3.3
    gopd: ^1.0.1
    has-tostringtag: ^1.0.2
  checksum: 65227dcbfadf5677aacc43ec84356d17b5500cb8b8753059bb4397de5cd0c2de681d24e1a7bd575633f976a95f88233abfd6549c2105ef4ebd58af8aa1807c75
  languageName: node
  linkType: hard

"ws@npm:^8.18.0":
  version: 8.18.0
  resolution: "ws@npm:8.18.0"
  peerDependencies:
    bufferutil: ^4.0.1
    utf-8-validate: ">=5.0.2"
  peerDependenciesMeta:
    bufferutil:
      optional: true
    utf-8-validate:
      optional: true
  checksum: 91d4d35bc99ff6df483bdf029b9ea4bfd7af1f16fc91231a96777a63d263e1eabf486e13a2353970efc534f9faa43bdbf9ee76525af22f4752cbc5ebda333975
  languageName: node
  linkType: hard

"xml-name-validator@npm:^5.0.0":
  version: 5.0.0
  resolution: "xml-name-validator@npm:5.0.0"
  checksum: 86effcc7026f437701252fcc308b877b4bc045989049cfc79b0cc112cb365cf7b009f4041fab9fb7cd1795498722c3e9fe9651afc66dfa794c16628a639a4c45
  languageName: node
  linkType: hard

"xmlchars@npm:^2.2.0":
  version: 2.2.0
  resolution: "xmlchars@npm:2.2.0"
  checksum: 8c70ac94070ccca03f47a81fcce3b271bd1f37a591bf5424e787ae313fcb9c212f5f6786e1fa82076a2c632c0141552babcd85698c437506dfa6ae2d58723062
  languageName: node
  linkType: hard
